
Microsoft Visual Studio Solution File, Format Version 12.00
# Visual Studio 2010
Project("{FAE04EC0-301F-11D3-BF4B-00C04F79EFBC}") = "csDll", "csDll\csDll.csproj", "{26C8116A-341F-4BD8-84A4-7AB61C2DCA11}"
EndProject
Project("{8BC9CEB8-8B4A-11D0-8D11-00A0C91BC942}") = "cTest", "cTest\cTest.vcxproj", "{BA139DFE-76B2-4BC6-8B1B-DDA78D39A7BF}"
EndProject
Global
	GlobalSection(SolutionConfigurationPlatforms) = preSolution
		Debug|Any CPU = Debug|Any CPU
		Debug|Mixed Platforms = Debug|Mixed Platforms
		Debug|Win32 = Debug|Win32
		Debug|x64 = Debug|x64
		Debug|x86 = Debug|x86
		Release|Any CPU = Release|Any CPU
		Release|Mixed Platforms = Release|Mixed Platforms
		Release|Win32 = Release|Win32
		Release|x64 = Release|x64
		Release|x86 = Release|x86
	EndGlobalSection
	GlobalSection(ProjectConfigurationPlatforms) = postSolution
		{26C8116A-341F-4BD8-84A4-7AB61C2DCA11}.Debug|Any CPU.ActiveCfg = Debug|Any CPU
		{26C8116A-341F-4BD8-84A4-7AB61C2DCA11}.Debug|Any CPU.Build.0 = Debug|Any CPU
		{26C8116A-341F-4BD8-84A4-7AB61C2DCA11}.Debug|Mixed Platforms.ActiveCfg = Debug|Any CPU
		{26C8116A-341F-4BD8-84A4-7AB61C2DCA11}.Debug|Mixed Platforms.Build.0 = Debug|Any CPU
		{26C8116A-341F-4BD8-84A4-7AB61C2DCA11}.Debug|Win32.ActiveCfg = Debug|Any CPU
		{26C8116A-341F-4BD8-84A4-7AB61C2DCA11}.Debug|x64.ActiveCfg = Debug|Any CPU
		{26C8116A-341F-4BD8-84A4-7AB61C2DCA11}.Debug|x86.ActiveCfg = Debug|Any CPU
		{26C8116A-341F-4BD8-84A4-7AB61C2DCA11}.Release|Any CPU.ActiveCfg = Release|Any CPU
		{26C8116A-341F-4BD8-84A4-7AB61C2DCA11}.Release|Any CPU.Build.0 = Release|Any CPU
		{26C8116A-341F-4BD8-84A4-7AB61C2DCA11}.Release|Mixed Platforms.ActiveCfg = Release|Any CPU
		{26C8116A-341F-4BD8-84A4-7AB61C2DCA11}.Release|Mixed Platforms.Build.0 = Release|Any CPU
		{26C8116A-341F-4BD8-84A4-7AB61C2DCA11}.Release|Win32.ActiveCfg = Release|Any CPU
		{26C8116A-341F-4BD8-84A4-7AB61C2DCA11}.Release|x64.ActiveCfg = Release|Any CPU
		{26C8116A-341F-4BD8-84A4-7AB61C2DCA11}.Release|x86.ActiveCfg = Release|Any CPU
		{BA139DFE-76B2-4BC6-8B1B-DDA78D39A7BF}.Debug|Any CPU.ActiveCfg = Debug|Win32
		{BA139DFE-76B2-4BC6-8B1B-DDA78D39A7BF}.Debug|Mixed Platforms.ActiveCfg = Debug|Win32
		{BA139DFE-76B2-4BC6-8B1B-DDA78D39A7BF}.Debug|Mixed Platforms.Build.0 = Debug|Win32
		{BA139DFE-76B2-4BC6-8B1B-DDA78D39A7BF}.Debug|Win32.ActiveCfg = Debug|Win32
		{BA139DFE-76B2-4BC6-8B1B-DDA78D39A7BF}.Debug|Win32.Build.0 = Debug|Win32
		{BA139DFE-76B2-4BC6-8B1B-DDA78D39A7BF}.Debug|x64.ActiveCfg = Debug|Win32
		{BA139DFE-76B2-4BC6-8B1B-DDA78D39A7BF}.Debug|x86.ActiveCfg = Debug|Win32
		{BA139DFE-76B2-4BC6-8B1B-DDA78D39A7BF}.Release|Any CPU.ActiveCfg = Release|Win32
		{BA139DFE-76B2-4BC6-8B1B-DDA78D39A7BF}.Release|Mixed Platforms.ActiveCfg = Release|Win32
		{BA139DFE-76B2-4BC6-8B1B-DDA78D39A7BF}.Release|Mixed Platforms.Build.0 = Release|Win32
		{BA139DFE-76B2-4BC6-8B1B-DDA78D39A7BF}.Release|Win32.ActiveCfg = Release|Win32
		{BA139DFE-76B2-4BC6-8B1B-DDA78D39A7BF}.Release|Win32.Build.0 = Release|Win32
		{BA139DFE-76B2-4BC6-8B1B-DDA78D39A7BF}.Release|x64.ActiveCfg = Release|Win32
		{BA139DFE-76B2-4BC6-8B1B-DDA78D39A7BF}.Release|x86.ActiveCfg = Release|Win32
	EndGlobalSection
	GlobalSection(SolutionProperties) = preSolution
		HideSolutionNode = FALSE
	EndGlobalSection
	GlobalSection(ExtensibilityGlobals) = postSolution
		SolutionGuid = {B45CCCBD-3F14-4DCD-92A2-59F9F88C2049}
	EndGlobalSection
EndGlobal
