
Microsoft Visual Studio Solution File, Format Version 12.00
# Visual Studio 15
VisualStudioVersion = 15.0.28010.2036
MinimumVisualStudioVersion = 10.0.40219.1
Project("{FAE04EC0-301F-11D3-BF4B-00C04F79EFBC}") = "t1", "t1\t1.csproj", "{23DBD5E0-95EE-4437-9BE2-4300BA26C8D3}"
EndProject
Global
	GlobalSection(SolutionConfigurationPlatforms) = preSolution
		Debug|Any CPU = Debug|Any CPU
		Release|Any CPU = Release|Any CPU
	EndGlobalSection
	GlobalSection(ProjectConfigurationPlatforms) = postSolution
		{23DBD5E0-95EE-4437-9BE2-4300BA26C8D3}.Debug|Any CPU.ActiveCfg = Debug|Any CPU
		{23DBD5E0-95EE-4437-9BE2-4300BA26C8D3}.Debug|Any CPU.Build.0 = Debug|Any CPU
		{23DBD5E0-95EE-4437-9BE2-4300BA26C8D3}.Release|Any CPU.ActiveCfg = Release|Any CPU
		{23DBD5E0-95EE-4437-9BE2-4300BA26C8D3}.Release|Any CPU.Build.0 = Release|Any CPU
	EndGlobalSection
	GlobalSection(SolutionProperties) = preSolution
		HideSolutionNode = FALSE
	EndGlobalSection
	GlobalSection(ExtensibilityGlobals) = postSolution
		SolutionGuid = {97DA2BB1-3603-4F48-A10E-F1FC5546EB06}
	EndGlobalSection
EndGlobal
